// !$*UTF8*$!
{
	archiveVersion = 1;
	classes = {
	};
	objectVersion = 46;
	objects = {
/* Begin PBXBuildFile section */
		00E356F31AD99517003FC87E /* GUITAR_PROFICIENCYTests.m in Sources */ = {isa = PBXBuildFile; fileRef = 00E356F21AD99517003FC87E /* GUITAR_PROFICIENCYTests.m */; };
		00F576C7B7ED47D082D31508 /* BuildFile in Resources */ = {isa = PBXBuildFile; };
		13B07FBC1A68108700A75B9A /* AppDelegate.m in Sources */ = {isa = PBXBuildFile; fileRef = 13B07FB01A68108700A75B9A /* AppDelegate.m */; };
		13B07FBD1A68108700A75B9A /* LaunchScreen.xib in Resources */ = {isa = PBXBuildFile; fileRef = 13B07FB11A68108700A75B9A /* LaunchScreen.xib */; };
		13B07FBF1A68108700A75B9A /* Images.xcassets in Resources */ = {isa = PBXBuildFile; fileRef = 13B07FB51A68108700A75B9A /* Images.xcassets */; };
		13B07FC11A68108700A75B9A /* main.m in Sources */ = {isa = PBXBuildFile; fileRef = 13B07FB71A68108700A75B9A /* main.m */; };
		1828F9D1B0881A96A3E1C9A2 /* libPods-GUITAR_PROFICIENCY-tvOS.a in Frameworks */ = {isa = PBXBuildFile; fileRef = 35ADB3425195434687598145 /* libPods-GUITAR_PROFICIENCY-tvOS.a */; };
		2D02E4BC1E0B4A80006451C7 /* AppDelegate.m in Sources */ = {isa = PBXBuildFile; fileRef = 13B07FB01A68108700A75B9A /* AppDelegate.m */; };
		2D02E4BD1E0B4A84006451C7 /* Images.xcassets in Resources */ = {isa = PBXBuildFile; fileRef = 13B07FB51A68108700A75B9A /* Images.xcassets */; };
		2D02E4BF1E0B4AB3006451C7 /* main.m in Sources */ = {isa = PBXBuildFile; fileRef = 13B07FB71A68108700A75B9A /* main.m */; };
		2DCD954D1E0B4F2C00145EB5 /* GUITAR_PROFICIENCYTests.m in Sources */ = {isa = PBXBuildFile; fileRef = 00E356F21AD99517003FC87E /* GUITAR_PROFICIENCYTests.m */; };
		44A71257A145E2796CF68F6A /* libPods-GUITAR_PROFICIENCY-tvOSTests.a in Frameworks */ = {isa = PBXBuildFile; fileRef = EC9F31AD476D1F835AB05419 /* libPods-GUITAR_PROFICIENCY-tvOSTests.a */; };
		66199B1E35A46F67FB2EB5A8 /* libPods-GUITAR_PROFICIENCY.a in Frameworks */ = {isa = PBXBuildFile; fileRef = EBAED145ACF62665AC0A0B4D /* libPods-GUITAR_PROFICIENCY.a */; };
		CC1C519FACBEF6C37AF7DC9A /* libPods-GUITAR_PROFICIENCYTests.a in Frameworks */ = {isa = PBXBuildFile; fileRef = 782DC1AF51EDDA68830466DD /* libPods-GUITAR_PROFICIENCYTests.a */; };
		4B0AA8F58DA74AA897B06A95 /* Blinker-Black.ttf in Resources */ = {isa = PBXBuildFile; fileRef = 4941353809C248F082C2FC49 /* Blinker-Black.ttf */; };
		1EC7917FCBF949EAA4D0498C /* Blinker-Bold.ttf in Resources */ = {isa = PBXBuildFile; fileRef = CE0F9D71201F4AF3B92979A2 /* Blinker-Bold.ttf */; };
		FAF9A60A565E417C8F98630C /* Blinker-ExtraBold.ttf in Resources */ = {isa = PBXBuildFile; fileRef = A9B4357CD8E641AF81DA68AC /* Blinker-ExtraBold.ttf */; };
		2A684EC70F54418FA13DA906 /* Blinker-ExtraLight.ttf in Resources */ = {isa = PBXBuildFile; fileRef = 77A1958DAD6E439A833720CE /* Blinker-ExtraLight.ttf */; };
		DD042E2BB10D4E14A12BE288 /* Blinker-Light.ttf in Resources */ = {isa = PBXBuildFile; fileRef = F6B88DD02E36483B991E8CAF /* Blinker-Light.ttf */; };
		74C3A92DFFA143668D39C910 /* Blinker-Regular.ttf in Resources */ = {isa = PBXBuildFile; fileRef = 2A9CF60B226942C497274E17 /* Blinker-Regular.ttf */; };
		23F454EB6D1C4853A77EE2B2 /* Blinker-SemiBold.ttf in Resources */ = {isa = PBXBuildFile; fileRef = 9F34A2040F014EB09BF81FA0 /* Blinker-SemiBold.ttf */; };
		89670DC922FF4C86965408A1 /* Blinker-Thin.ttf in Resources */ = {isa = PBXBuildFile; fileRef = A5834EEB4C5D4AD5853472C9 /* Blinker-Thin.ttf */; };
		34EC4AC2766A4401A4938052 /* AntDesign.ttf in Resources */ = {isa = PBXBuildFile; fileRef = B13B242D7EE94633924F9B6A /* AntDesign.ttf */; };
		BC2CBEE1455943D3A50497BB /* Entypo.ttf in Resources */ = {isa = PBXBuildFile; fileRef = 8BF2DAEE93864F878CFC2AB4 /* Entypo.ttf */; };
		3FB24B891F20453982056399 /* EvilIcons.ttf in Resources */ = {isa = PBXBuildFile; fileRef = 0A63E37AD6414359A8FC4897 /* EvilIcons.ttf */; };
		339C8A2A98B948F8B8CBB20D /* Feather.ttf in Resources */ = {isa = PBXBuildFile; fileRef = D8126DEC69E54EF497650BA2 /* Feather.ttf */; };
		D8E463CAD43A41E6B995A169 /* FontAwesome.ttf in Resources */ = {isa = PBXBuildFile; fileRef = E61C1130E0D24BD285001CD6 /* FontAwesome.ttf */; };
		61A87A6BDBD84D908C9B22FB /* FontAwesome5_Brands.ttf in Resources */ = {isa = PBXBuildFile; fileRef = 633562F0268C4AE99129A7D8 /* FontAwesome5_Brands.ttf */; };
		F73A6CB10DF84C038ABC9701 /* FontAwesome5_Regular.ttf in Resources */ = {isa = PBXBuildFile; fileRef = 934D915462B24A57B5B3A7F1 /* FontAwesome5_Regular.ttf */; };
		0BB9F2C337F741DF88FEDCB5 /* FontAwesome5_Solid.ttf in Resources */ = {isa = PBXBuildFile; fileRef = 7C5470C732F149B79919AA2D /* FontAwesome5_Solid.ttf */; };
		22D5426BB47346728ACC4EF4 /* Fontisto.ttf in Resources */ = {isa = PBXBuildFile; fileRef = F7215A8125CE4D5E8651B6C2 /* Fontisto.ttf */; };
		C7CB67CF960F4A4FA0E277F5 /* Foundation.ttf in Resources */ = {isa = PBXBuildFile; fileRef = 98DD90BDE7904048A35F88D6 /* Foundation.ttf */; };
		9338EE21E3C84A498BD6D027 /* Ionicons.ttf in Resources */ = {isa = PBXBuildFile; fileRef = 5E008CB6B4EA4BC6B5E16C20 /* Ionicons.ttf */; };
		E4A092C2C2DA4D2F9F2E1121 /* MaterialCommunityIcons.ttf in Resources */ = {isa = PBXBuildFile; fileRef = B1F553C781AC46238FA3840F /* MaterialCommunityIcons.ttf */; };
		3535E469D2DF469A96C86765 /* MaterialIcons.ttf in Resources */ = {isa = PBXBuildFile; fileRef = 50567DA5605F408AA82D029D /* MaterialIcons.ttf */; };
		3B771C373E564219BB483B3E /* Octicons.ttf in Resources */ = {isa = PBXBuildFile; fileRef = 590700868B27432DB79DB3AF /* Octicons.ttf */; };
		BE7D6A00E06342A1BDF604A2 /* SimpleLineIcons.ttf in Resources */ = {isa = PBXBuildFile; fileRef = 858DD586F2A1459E9F64FC6B /* SimpleLineIcons.ttf */; };
		6D55EF68DB8B43D096E47D74 /* Zocial.ttf in Resources */ = {isa = PBXBuildFile; fileRef = B22B13DB1C814024AB442DDF /* Zocial.ttf */; };
/* End PBXBuildFile section */

/* Begin PBXContainerItemProxy section */
		00E356F41AD99517003FC87E /* PBXContainerItemProxy */ = {
			isa = PBXContainerItemProxy;
			containerPortal = 83CBB9F71A601CBA00E9B192 /* Project object */;
			proxyType = 1;
			remoteGlobalIDString = 13B07F861A680F5B00A75B9A;
			remoteInfo = GUITAR_PROFICIENCY;
		};
		2D02E4911E0B4A5D006451C7 /* PBXContainerItemProxy */ = {
			isa = PBXContainerItemProxy;
			containerPortal = 83CBB9F71A601CBA00E9B192 /* Project object */;
			proxyType = 1;
			remoteGlobalIDString = 2D02E47A1E0B4A5D006451C7;
			remoteInfo = "GUITAR_PROFICIENCY-tvOS";
		};
/* End PBXContainerItemProxy section */

/* Begin PBXFileReference section */
		008F07F21AC5B25A0029DE68 /* main.jsbundle */ = {isa = PBXFileReference; fileEncoding = 4; lastKnownFileType = text; path = main.jsbundle; sourceTree = "<group>"; };
		00E356EE1AD99517003FC87E /* GUITAR_PROFICIENCYTests.xctest */ = {isa = PBXFileReference; explicitFileType = wrapper.cfbundle; includeInIndex = 0; path = GUITAR_PROFICIENCYTests.xctest; sourceTree = BUILT_PRODUCTS_DIR; };
		00E356F11AD99517003FC87E /* Info.plist */ = {isa = PBXFileReference; lastKnownFileType = text.plist.xml; path = Info.plist; sourceTree = "<group>"; };
		00E356F21AD99517003FC87E /* GUITAR_PROFICIENCYTests.m */ = {isa = PBXFileReference; lastKnownFileType = sourcecode.c.objc; path = GUITAR_PROFICIENCYTests.m; sourceTree = "<group>"; };
		048D438F044049A6863AA1E6 /* OpusText.ttf */ = {isa = PBXFileReference; explicitFileType = undefined; fileEncoding = 9; includeInIndex = 0; lastKnownFileType = unknown; name = OpusText.ttf; path = ../src/assets/fonts/OpusText.ttf; sourceTree = "<group>"; };
		0CC69D7DEFEE869BAA98ACF7 /* Pods-RnDiffAppTests.release.xcconfig */ = {isa = PBXFileReference; includeInIndex = 1; lastKnownFileType = text.xcconfig; name = "Pods-RnDiffAppTests.release.xcconfig"; path = "Target Support Files/Pods-RnDiffAppTests/Pods-RnDiffAppTests.release.xcconfig"; sourceTree = "<group>"; };
		13B07F961A680F5B00A75B9A /* GUITAR_PROFICIENCY.app */ = {isa = PBXFileReference; explicitFileType = wrapper.application; includeInIndex = 0; path = GUITAR_PROFICIENCY.app; sourceTree = BUILT_PRODUCTS_DIR; };
		13B07FAF1A68108700A75B9A /* AppDelegate.h */ = {isa = PBXFileReference; fileEncoding = 4; lastKnownFileType = sourcecode.c.h; name = AppDelegate.h; path = GUITAR_PROFICIENCY/AppDelegate.h; sourceTree = "<group>"; };
		13B07FB01A68108700A75B9A /* AppDelegate.m */ = {isa = PBXFileReference; fileEncoding = 4; lastKnownFileType = sourcecode.c.objc; name = AppDelegate.m; path = GUITAR_PROFICIENCY/AppDelegate.m; sourceTree = "<group>"; };
		13B07FB21A68108700A75B9A /* Base */ = {isa = PBXFileReference; lastKnownFileType = file.xib; name = Base; path = Base.lproj/LaunchScreen.xib; sourceTree = "<group>"; };
		13B07FB51A68108700A75B9A /* Images.xcassets */ = {isa = PBXFileReference; lastKnownFileType = folder.assetcatalog; name = Images.xcassets; path = GUITAR_PROFICIENCY/Images.xcassets; sourceTree = "<group>"; };
		13B07FB61A68108700A75B9A /* Info.plist */ = {isa = PBXFileReference; fileEncoding = 4; lastKnownFileType = text.plist.xml; name = Info.plist; path = GUITAR_PROFICIENCY/Info.plist; sourceTree = "<group>"; };
		13B07FB71A68108700A75B9A /* main.m */ = {isa = PBXFileReference; fileEncoding = 4; lastKnownFileType = sourcecode.c.objc; name = main.m; path = GUITAR_PROFICIENCY/main.m; sourceTree = "<group>"; };
		22D57A7EDADB18F8951E6C6F /* Pods-GUITAR_PROFICIENCY.release.xcconfig */ = {isa = PBXFileReference; includeInIndex = 1; lastKnownFileType = text.xcconfig; name = "Pods-GUITAR_PROFICIENCY.release.xcconfig"; path = "Target Support Files/Pods-GUITAR_PROFICIENCY/Pods-GUITAR_PROFICIENCY.release.xcconfig"; sourceTree = "<group>"; };
		2D02E47B1E0B4A5D006451C7 /* GUITAR_PROFICIENCY-tvOS.app */ = {isa = PBXFileReference; explicitFileType = wrapper.application; includeInIndex = 0; path = "GUITAR_PROFICIENCY-tvOS.app"; sourceTree = BUILT_PRODUCTS_DIR; };
		2D02E4901E0B4A5D006451C7 /* GUITAR_PROFICIENCY-tvOSTests.xctest */ = {isa = PBXFileReference; explicitFileType = wrapper.cfbundle; includeInIndex = 0; path = "GUITAR_PROFICIENCY-tvOSTests.xctest"; sourceTree = BUILT_PRODUCTS_DIR; };
		3188FDA214C458DB531F3A79 /* Pods-GUITAR_PROFICIENCY-tvOSTests.debug.xcconfig */ = {isa = PBXFileReference; includeInIndex = 1; lastKnownFileType = text.xcconfig; name = "Pods-GUITAR_PROFICIENCY-tvOSTests.debug.xcconfig"; path = "Target Support Files/Pods-GUITAR_PROFICIENCY-tvOSTests/Pods-GUITAR_PROFICIENCY-tvOSTests.debug.xcconfig"; sourceTree = "<group>"; };
		35ADB3425195434687598145 /* libPods-GUITAR_PROFICIENCY-tvOS.a */ = {isa = PBXFileReference; explicitFileType = archive.ar; includeInIndex = 0; path = "libPods-GUITAR_PROFICIENCY-tvOS.a"; sourceTree = BUILT_PRODUCTS_DIR; };
		37A5C7C632AEFCB6B122DBE1 /* Pods-RnDiffAppTests.debug.xcconfig */ = {isa = PBXFileReference; includeInIndex = 1; lastKnownFileType = text.xcconfig; name = "Pods-RnDiffAppTests.debug.xcconfig"; path = "Target Support Files/Pods-RnDiffAppTests/Pods-RnDiffAppTests.debug.xcconfig"; sourceTree = "<group>"; };
		5D53362D77A5E97E7BC511ED /* Pods-RnDiffApp-tvOS.debug.xcconfig */ = {isa = PBXFileReference; includeInIndex = 1; lastKnownFileType = text.xcconfig; name = "Pods-RnDiffApp-tvOS.debug.xcconfig"; path = "Target Support Files/Pods-RnDiffApp-tvOS/Pods-RnDiffApp-tvOS.debug.xcconfig"; sourceTree = "<group>"; };
		782DC1AF51EDDA68830466DD /* libPods-GUITAR_PROFICIENCYTests.a */ = {isa = PBXFileReference; explicitFileType = archive.ar; includeInIndex = 0; path = "libPods-GUITAR_PROFICIENCYTests.a"; sourceTree = BUILT_PRODUCTS_DIR; };
		7D3B7BD298ED8C00DF01D486 /* Pods-GUITAR_PROFICIENCY.debug.xcconfig */ = {isa = PBXFileReference; includeInIndex = 1; lastKnownFileType = text.xcconfig; name = "Pods-GUITAR_PROFICIENCY.debug.xcconfig"; path = "Target Support Files/Pods-GUITAR_PROFICIENCY/Pods-GUITAR_PROFICIENCY.debug.xcconfig"; sourceTree = "<group>"; };
		8CE1015A41CE6057855F0F91 /* Pods-GUITAR_PROFICIENCY-tvOSTests.release.xcconfig */ = {isa = PBXFileReference; includeInIndex = 1; lastKnownFileType = text.xcconfig; name = "Pods-GUITAR_PROFICIENCY-tvOSTests.release.xcconfig"; path = "Target Support Files/Pods-GUITAR_PROFICIENCY-tvOSTests/Pods-GUITAR_PROFICIENCY-tvOSTests.release.xcconfig"; sourceTree = "<group>"; };
		8E3A17B75AEEA0B33F9B4063 /* Pods-RnDiffApp-tvOS.release.xcconfig */ = {isa = PBXFileReference; includeInIndex = 1; lastKnownFileType = text.xcconfig; name = "Pods-RnDiffApp-tvOS.release.xcconfig"; path = "Target Support Files/Pods-RnDiffApp-tvOS/Pods-RnDiffApp-tvOS.release.xcconfig"; sourceTree = "<group>"; };
		AB6BBC336FEA1D72DB968BF4 /* Pods-GUITAR_PROFICIENCY-tvOS.release.xcconfig */ = {isa = PBXFileReference; includeInIndex = 1; lastKnownFileType = text.xcconfig; name = "Pods-GUITAR_PROFICIENCY-tvOS.release.xcconfig"; path = "Target Support Files/Pods-GUITAR_PROFICIENCY-tvOS/Pods-GUITAR_PROFICIENCY-tvOS.release.xcconfig"; sourceTree = "<group>"; };
		C23293435A569E0C3DDDC93E /* Pods-RnDiffApp-tvOSTests.release.xcconfig */ = {isa = PBXFileReference; includeInIndex = 1; lastKnownFileType = text.xcconfig; name = "Pods-RnDiffApp-tvOSTests.release.xcconfig"; path = "Target Support Files/Pods-RnDiffApp-tvOSTests/Pods-RnDiffApp-tvOSTests.release.xcconfig"; sourceTree = "<group>"; };
		CB3A806D938119B3B08FF934 /* Pods-RnDiffApp-tvOSTests.debug.xcconfig */ = {isa = PBXFileReference; includeInIndex = 1; lastKnownFileType = text.xcconfig; name = "Pods-RnDiffApp-tvOSTests.debug.xcconfig"; path = "Target Support Files/Pods-RnDiffApp-tvOSTests/Pods-RnDiffApp-tvOSTests.debug.xcconfig"; sourceTree = "<group>"; };
		D3E231AE70034DC44DCDCAED /* Pods-GUITAR_PROFICIENCY-tvOS.debug.xcconfig */ = {isa = PBXFileReference; includeInIndex = 1; lastKnownFileType = text.xcconfig; name = "Pods-GUITAR_PROFICIENCY-tvOS.debug.xcconfig"; path = "Target Support Files/Pods-GUITAR_PROFICIENCY-tvOS/Pods-GUITAR_PROFICIENCY-tvOS.debug.xcconfig"; sourceTree = "<group>"; };
		D900E98FDD4BA4DC27E26D28 /* Pods-GUITAR_PROFICIENCYTests.debug.xcconfig */ = {isa = PBXFileReference; includeInIndex = 1; lastKnownFileType = text.xcconfig; name = "Pods-GUITAR_PROFICIENCYTests.debug.xcconfig"; path = "Target Support Files/Pods-GUITAR_PROFICIENCYTests/Pods-GUITAR_PROFICIENCYTests.debug.xcconfig"; sourceTree = "<group>"; };
		EABDEE965981E197D2555DF5 /* Pods-GUITAR_PROFICIENCYTests.release.xcconfig */ = {isa = PBXFileReference; includeInIndex = 1; lastKnownFileType = text.xcconfig; name = "Pods-GUITAR_PROFICIENCYTests.release.xcconfig"; path = "Target Support Files/Pods-GUITAR_PROFICIENCYTests/Pods-GUITAR_PROFICIENCYTests.release.xcconfig"; sourceTree = "<group>"; };
		EBAED145ACF62665AC0A0B4D /* libPods-GUITAR_PROFICIENCY.a */ = {isa = PBXFileReference; explicitFileType = archive.ar; includeInIndex = 0; path = "libPods-GUITAR_PROFICIENCY.a"; sourceTree = BUILT_PRODUCTS_DIR; };
		EC9F31AD476D1F835AB05419 /* libPods-GUITAR_PROFICIENCY-tvOSTests.a */ = {isa = PBXFileReference; explicitFileType = archive.ar; includeInIndex = 0; path = "libPods-GUITAR_PROFICIENCY-tvOSTests.a"; sourceTree = BUILT_PRODUCTS_DIR; };
		ED297162215061F000B7C4FE /* JavaScriptCore.framework */ = {isa = PBXFileReference; lastKnownFileType = wrapper.framework; name = JavaScriptCore.framework; path = System/Library/Frameworks/JavaScriptCore.framework; sourceTree = SDKROOT; };
		ED2971642150620600B7C4FE /* JavaScriptCore.framework */ = {isa = PBXFileReference; lastKnownFileType = wrapper.framework; name = JavaScriptCore.framework; path = Platforms/AppleTVOS.platform/Developer/SDKs/AppleTVOS12.0.sdk/System/Library/Frameworks/JavaScriptCore.framework; sourceTree = DEVELOPER_DIR; };
		F4874FA9681D15B8A139B03B /* Pods-RnDiffApp.debug.xcconfig */ = {isa = PBXFileReference; includeInIndex = 1; lastKnownFileType = text.xcconfig; name = "Pods-RnDiffApp.debug.xcconfig"; path = "Target Support Files/Pods-RnDiffApp/Pods-RnDiffApp.debug.xcconfig"; sourceTree = "<group>"; };
		F985FC62E0875134B9BC5F6B /* Pods-RnDiffApp.release.xcconfig */ = {isa = PBXFileReference; includeInIndex = 1; lastKnownFileType = text.xcconfig; name = "Pods-RnDiffApp.release.xcconfig"; path = "Target Support Files/Pods-RnDiffApp/Pods-RnDiffApp.release.xcconfig"; sourceTree = "<group>"; };
		4941353809C248F082C2FC49 /* Blinker-Black.ttf */ = {isa = PBXFileReference; name = "Blinker-Black.ttf"; path = "../src/assets/fonts/Blinker-Black.ttf"; sourceTree = "<group>"; fileEncoding = undefined; lastKnownFileType = unknown; explicitFileType = undefined; includeInIndex = 0; };
		CE0F9D71201F4AF3B92979A2 /* Blinker-Bold.ttf */ = {isa = PBXFileReference; name = "Blinker-Bold.ttf"; path = "../src/assets/fonts/Blinker-Bold.ttf"; sourceTree = "<group>"; fileEncoding = undefined; lastKnownFileType = unknown; explicitFileType = undefined; includeInIndex = 0; };
		A9B4357CD8E641AF81DA68AC /* Blinker-ExtraBold.ttf */ = {isa = PBXFileReference; name = "Blinker-ExtraBold.ttf"; path = "../src/assets/fonts/Blinker-ExtraBold.ttf"; sourceTree = "<group>"; fileEncoding = undefined; lastKnownFileType = unknown; explicitFileType = undefined; includeInIndex = 0; };
		77A1958DAD6E439A833720CE /* Blinker-ExtraLight.ttf */ = {isa = PBXFileReference; name = "Blinker-ExtraLight.ttf"; path = "../src/assets/fonts/Blinker-ExtraLight.ttf"; sourceTree = "<group>"; fileEncoding = undefined; lastKnownFileType = unknown; explicitFileType = undefined; includeInIndex = 0; };
		F6B88DD02E36483B991E8CAF /* Blinker-Light.ttf */ = {isa = PBXFileReference; name = "Blinker-Light.ttf"; path = "../src/assets/fonts/Blinker-Light.ttf"; sourceTree = "<group>"; fileEncoding = undefined; lastKnownFileType = unknown; explicitFileType = undefined; includeInIndex = 0; };
		2A9CF60B226942C497274E17 /* Blinker-Regular.ttf */ = {isa = PBXFileReference; name = "Blinker-Regular.ttf"; path = "../src/assets/fonts/Blinker-Regular.ttf"; sourceTree = "<group>"; fileEncoding = undefined; lastKnownFileType = unknown; explicitFileType = undefined; includeInIndex = 0; };
		9F34A2040F014EB09BF81FA0 /* Blinker-SemiBold.ttf */ = {isa = PBXFileReference; name = "Blinker-SemiBold.ttf"; path = "../src/assets/fonts/Blinker-SemiBold.ttf"; sourceTree = "<group>"; fileEncoding = undefined; lastKnownFileType = unknown; explicitFileType = undefined; includeInIndex = 0; };
		A5834EEB4C5D4AD5853472C9 /* Blinker-Thin.ttf */ = {isa = PBXFileReference; name = "Blinker-Thin.ttf"; path = "../src/assets/fonts/Blinker-Thin.ttf"; sourceTree = "<group>"; fileEncoding = undefined; lastKnownFileType = unknown; explicitFileType = undefined; includeInIndex = 0; };
		B13B242D7EE94633924F9B6A /* AntDesign.ttf */ = {isa = PBXFileReference; name = "AntDesign.ttf"; path = "../node_modules/react-native-vector-icons/Fonts/AntDesign.ttf"; sourceTree = "<group>"; fileEncoding = undefined; lastKnownFileType = unknown; explicitFileType = undefined; includeInIndex = 0; };
		8BF2DAEE93864F878CFC2AB4 /* Entypo.ttf */ = {isa = PBXFileReference; name = "Entypo.ttf"; path = "../node_modules/react-native-vector-icons/Fonts/Entypo.ttf"; sourceTree = "<group>"; fileEncoding = undefined; lastKnownFileType = unknown; explicitFileType = undefined; includeInIndex = 0; };
		0A63E37AD6414359A8FC4897 /* EvilIcons.ttf */ = {isa = PBXFileReference; name = "EvilIcons.ttf"; path = "../node_modules/react-native-vector-icons/Fonts/EvilIcons.ttf"; sourceTree = "<group>"; fileEncoding = undefined; lastKnownFileType = unknown; explicitFileType = undefined; includeInIndex = 0; };
		D8126DEC69E54EF497650BA2 /* Feather.ttf */ = {isa = PBXFileReference; name = "Feather.ttf"; path = "../node_modules/react-native-vector-icons/Fonts/Feather.ttf"; sourceTree = "<group>"; fileEncoding = undefined; lastKnownFileType = unknown; explicitFileType = undefined; includeInIndex = 0; };
		E61C1130E0D24BD285001CD6 /* FontAwesome.ttf */ = {isa = PBXFileReference; name = "FontAwesome.ttf"; path = "../node_modules/react-native-vector-icons/Fonts/FontAwesome.ttf"; sourceTree = "<group>"; fileEncoding = undefined; lastKnownFileType = unknown; explicitFileType = undefined; includeInIndex = 0; };
		633562F0268C4AE99129A7D8 /* FontAwesome5_Brands.ttf */ = {isa = PBXFileReference; name = "FontAwesome5_Brands.ttf"; path = "../node_modules/react-native-vector-icons/Fonts/FontAwesome5_Brands.ttf"; sourceTree = "<group>"; fileEncoding = undefined; lastKnownFileType = unknown; explicitFileType = undefined; includeInIndex = 0; };
		934D915462B24A57B5B3A7F1 /* FontAwesome5_Regular.ttf */ = {isa = PBXFileReference; name = "FontAwesome5_Regular.ttf"; path = "../node_modules/react-native-vector-icons/Fonts/FontAwesome5_Regular.ttf"; sourceTree = "<group>"; fileEncoding = undefined; lastKnownFileType = unknown; explicitFileType = undefined; includeInIndex = 0; };
		7C5470C732F149B79919AA2D /* FontAwesome5_Solid.ttf */ = {isa = PBXFileReference; name = "FontAwesome5_Solid.ttf"; path = "../node_modules/react-native-vector-icons/Fonts/FontAwesome5_Solid.ttf"; sourceTree = "<group>"; fileEncoding = undefined; lastKnownFileType = unknown; explicitFileType = undefined; includeInIndex = 0; };
		F7215A8125CE4D5E8651B6C2 /* Fontisto.ttf */ = {isa = PBXFileReference; name = "Fontisto.ttf"; path = "../node_modules/react-native-vector-icons/Fonts/Fontisto.ttf"; sourceTree = "<group>"; fileEncoding = undefined; lastKnownFileType = unknown; explicitFileType = undefined; includeInIndex = 0; };
		98DD90BDE7904048A35F88D6 /* Foundation.ttf */ = {isa = PBXFileReference; name = "Foundation.ttf"; path = "../node_modules/react-native-vector-icons/Fonts/Foundation.ttf"; sourceTree = "<group>"; fileEncoding = undefined; lastKnownFileType = unknown; explicitFileType = undefined; includeInIndex = 0; };
		5E008CB6B4EA4BC6B5E16C20 /* Ionicons.ttf */ = {isa = PBXFileReference; name = "Ionicons.ttf"; path = "../node_modules/react-native-vector-icons/Fonts/Ionicons.ttf"; sourceTree = "<group>"; fileEncoding = undefined; lastKnownFileType = unknown; explicitFileType = undefined; includeInIndex = 0; };
		B1F553C781AC46238FA3840F /* MaterialCommunityIcons.ttf */ = {isa = PBXFileReference; name = "MaterialCommunityIcons.ttf"; path = "../node_modules/react-native-vector-icons/Fonts/MaterialCommunityIcons.ttf"; sourceTree = "<group>"; fileEncoding = undefined; lastKnownFileType = unknown; explicitFileType = undefined; includeInIndex = 0; };
		50567DA5605F408AA82D029D /* MaterialIcons.ttf */ = {isa = PBXFileReference; name = "MaterialIcons.ttf"; path = "../node_modules/react-native-vector-icons/Fonts/MaterialIcons.ttf"; sourceTree = "<group>"; fileEncoding = undefined; lastKnownFileType = unknown; explicitFileType = undefined; includeInIndex = 0; };
		590700868B27432DB79DB3AF /* Octicons.ttf */ = {isa = PBXFileReference; name = "Octicons.ttf"; path = "../node_modules/react-native-vector-icons/Fonts/Octicons.ttf"; sourceTree = "<group>"; fileEncoding = undefined; lastKnownFileType = unknown; explicitFileType = undefined; includeInIndex = 0; };
		858DD586F2A1459E9F64FC6B /* SimpleLineIcons.ttf */ = {isa = PBXFileReference; name = "SimpleLineIcons.ttf"; path = "../node_modules/react-native-vector-icons/Fonts/SimpleLineIcons.ttf"; sourceTree = "<group>"; fileEncoding = undefined; lastKnownFileType = unknown; explicitFileType = undefined; includeInIndex = 0; };
		B22B13DB1C814024AB442DDF /* Zocial.ttf */ = {isa = PBXFileReference; name = "Zocial.ttf"; path = "../node_modules/react-native-vector-icons/Fonts/Zocial.ttf"; sourceTree = "<group>"; fileEncoding = undefined; lastKnownFileType = unknown; explicitFileType = undefined; includeInIndex = 0; };
/* End PBXFileReference section */

/* Begin PBXFrameworksBuildPhase section */
		00E356EB1AD99517003FC87E /* Frameworks */ = {
			isa = PBXFrameworksBuildPhase;
			buildActionMask = 2147483647;
			files = (
				CC1C519FACBEF6C37AF7DC9A /* libPods-GUITAR_PROFICIENCYTests.a in Frameworks */,
			);
			runOnlyForDeploymentPostprocessing = 0;
		};
		13B07F8C1A680F5B00A75B9A /* Frameworks */ = {
			isa = PBXFrameworksBuildPhase;
			buildActionMask = 2147483647;
			files = (
				66199B1E35A46F67FB2EB5A8 /* libPods-GUITAR_PROFICIENCY.a in Frameworks */,
			);
			runOnlyForDeploymentPostprocessing = 0;
		};
		2D02E4781E0B4A5D006451C7 /* Frameworks */ = {
			isa = PBXFrameworksBuildPhase;
			buildActionMask = 2147483647;
			files = (
				1828F9D1B0881A96A3E1C9A2 /* libPods-GUITAR_PROFICIENCY-tvOS.a in Frameworks */,
			);
			runOnlyForDeploymentPostprocessing = 0;
		};
		2D02E48D1E0B4A5D006451C7 /* Frameworks */ = {
			isa = PBXFrameworksBuildPhase;
			buildActionMask = 2147483647;
			files = (
				44A71257A145E2796CF68F6A /* libPods-GUITAR_PROFICIENCY-tvOSTests.a in Frameworks */,
			);
			runOnlyForDeploymentPostprocessing = 0;
		};
/* End PBXFrameworksBuildPhase section */

/* Begin PBXGroup section */
		00E356EF1AD99517003FC87E /* GUITAR_PROFICIENCYTests */ = {
			isa = PBXGroup;
			children = (
				00E356F21AD99517003FC87E /* GUITAR_PROFICIENCYTests.m */,
				00E356F01AD99517003FC87E /* Supporting Files */,
			);
			path = GUITAR_PROFICIENCYTests;
			sourceTree = "<group>";
		};
		00E356F01AD99517003FC87E /* Supporting Files */ = {
			isa = PBXGroup;
			children = (
				00E356F11AD99517003FC87E /* Info.plist */,
			);
			name = "Supporting Files";
			sourceTree = "<group>";
		};
		13B07FAE1A68108700A75B9A /* GUITAR_PROFICIENCY */ = {
			isa = PBXGroup;
			children = (
				008F07F21AC5B25A0029DE68 /* main.jsbundle */,
				13B07FAF1A68108700A75B9A /* AppDelegate.h */,
				13B07FB01A68108700A75B9A /* AppDelegate.m */,
				13B07FB51A68108700A75B9A /* Images.xcassets */,
				13B07FB61A68108700A75B9A /* Info.plist */,
				13B07FB11A68108700A75B9A /* LaunchScreen.xib */,
				13B07FB71A68108700A75B9A /* main.m */,
			);
			name = GUITAR_PROFICIENCY;
			sourceTree = "<group>";
		};
		2D16E6871FA4F8E400B85C8A /* Frameworks */ = {
			isa = PBXGroup;
			children = (
				ED297162215061F000B7C4FE /* JavaScriptCore.framework */,
				ED2971642150620600B7C4FE /* JavaScriptCore.framework */,
				EBAED145ACF62665AC0A0B4D /* libPods-GUITAR_PROFICIENCY.a */,
				35ADB3425195434687598145 /* libPods-GUITAR_PROFICIENCY-tvOS.a */,
				EC9F31AD476D1F835AB05419 /* libPods-GUITAR_PROFICIENCY-tvOSTests.a */,
				782DC1AF51EDDA68830466DD /* libPods-GUITAR_PROFICIENCYTests.a */,
			);
			name = Frameworks;
			sourceTree = "<group>";
		};
		46196C6841EA03B597CBC76C /* Pods */ = {
			isa = PBXGroup;
			children = (
				F4874FA9681D15B8A139B03B /* Pods-RnDiffApp.debug.xcconfig */,
				F985FC62E0875134B9BC5F6B /* Pods-RnDiffApp.release.xcconfig */,
				5D53362D77A5E97E7BC511ED /* Pods-RnDiffApp-tvOS.debug.xcconfig */,
				8E3A17B75AEEA0B33F9B4063 /* Pods-RnDiffApp-tvOS.release.xcconfig */,
				CB3A806D938119B3B08FF934 /* Pods-RnDiffApp-tvOSTests.debug.xcconfig */,
				C23293435A569E0C3DDDC93E /* Pods-RnDiffApp-tvOSTests.release.xcconfig */,
				37A5C7C632AEFCB6B122DBE1 /* Pods-RnDiffAppTests.debug.xcconfig */,
				0CC69D7DEFEE869BAA98ACF7 /* Pods-RnDiffAppTests.release.xcconfig */,
				7D3B7BD298ED8C00DF01D486 /* Pods-GUITAR_PROFICIENCY.debug.xcconfig */,
				22D57A7EDADB18F8951E6C6F /* Pods-GUITAR_PROFICIENCY.release.xcconfig */,
				D3E231AE70034DC44DCDCAED /* Pods-GUITAR_PROFICIENCY-tvOS.debug.xcconfig */,
				AB6BBC336FEA1D72DB968BF4 /* Pods-GUITAR_PROFICIENCY-tvOS.release.xcconfig */,
				3188FDA214C458DB531F3A79 /* Pods-GUITAR_PROFICIENCY-tvOSTests.debug.xcconfig */,
				8CE1015A41CE6057855F0F91 /* Pods-GUITAR_PROFICIENCY-tvOSTests.release.xcconfig */,
				D900E98FDD4BA4DC27E26D28 /* Pods-GUITAR_PROFICIENCYTests.debug.xcconfig */,
				EABDEE965981E197D2555DF5 /* Pods-GUITAR_PROFICIENCYTests.release.xcconfig */,
			);
			name = Pods;
			path = Pods;
			sourceTree = "<group>";
		};
		832341AE1AAA6A7D00B99B32 /* Libraries */ = {
			isa = PBXGroup;
			children = (
			);
			name = Libraries;
			sourceTree = "<group>";
		};
		83CBB9F61A601CBA00E9B192 = {
			isa = PBXGroup;
			children = (
				13B07FAE1A68108700A75B9A /* GUITAR_PROFICIENCY */,
				832341AE1AAA6A7D00B99B32 /* Libraries */,
				00E356EF1AD99517003FC87E /* GUITAR_PROFICIENCYTests */,
				83CBBA001A601CBA00E9B192 /* Products */,
				2D16E6871FA4F8E400B85C8A /* Frameworks */,
				46196C6841EA03B597CBC76C /* Pods */,
				B7F83B8C688B4B9B83596FB2 /* Resources */,
			);
			indentWidth = 2;
			sourceTree = "<group>";
			tabWidth = 2;
			usesTabs = 0;
		};
		83CBBA001A601CBA00E9B192 /* Products */ = {
			isa = PBXGroup;
			children = (
				13B07F961A680F5B00A75B9A /* GUITAR_PROFICIENCY.app */,
				00E356EE1AD99517003FC87E /* GUITAR_PROFICIENCYTests.xctest */,
				2D02E47B1E0B4A5D006451C7 /* GUITAR_PROFICIENCY-tvOS.app */,
				2D02E4901E0B4A5D006451C7 /* GUITAR_PROFICIENCY-tvOSTests.xctest */,
			);
			name = Products;
			sourceTree = "<group>";
		};
		B7F83B8C688B4B9B83596FB2 /* Resources */ = {
			isa = PBXGroup;
			children = (
				048D438F044049A6863AA1E6 /* OpusText.ttf */,
				4941353809C248F082C2FC49 /* Blinker-Black.ttf */,
				CE0F9D71201F4AF3B92979A2 /* Blinker-Bold.ttf */,
				A9B4357CD8E641AF81DA68AC /* Blinker-ExtraBold.ttf */,
				77A1958DAD6E439A833720CE /* Blinker-ExtraLight.ttf */,
				F6B88DD02E36483B991E8CAF /* Blinker-Light.ttf */,
				2A9CF60B226942C497274E17 /* Blinker-Regular.ttf */,
				9F34A2040F014EB09BF81FA0 /* Blinker-SemiBold.ttf */,
				A5834EEB4C5D4AD5853472C9 /* Blinker-Thin.ttf */,
				B13B242D7EE94633924F9B6A /* AntDesign.ttf */,
				8BF2DAEE93864F878CFC2AB4 /* Entypo.ttf */,
				0A63E37AD6414359A8FC4897 /* EvilIcons.ttf */,
				D8126DEC69E54EF497650BA2 /* Feather.ttf */,
				E61C1130E0D24BD285001CD6 /* FontAwesome.ttf */,
				633562F0268C4AE99129A7D8 /* FontAwesome5_Brands.ttf */,
				934D915462B24A57B5B3A7F1 /* FontAwesome5_Regular.ttf */,
				7C5470C732F149B79919AA2D /* FontAwesome5_Solid.ttf */,
				F7215A8125CE4D5E8651B6C2 /* Fontisto.ttf */,
				98DD90BDE7904048A35F88D6 /* Foundation.ttf */,
				5E008CB6B4EA4BC6B5E16C20 /* Ionicons.ttf */,
				B1F553C781AC46238FA3840F /* MaterialCommunityIcons.ttf */,
				50567DA5605F408AA82D029D /* MaterialIcons.ttf */,
				590700868B27432DB79DB3AF /* Octicons.ttf */,
				858DD586F2A1459E9F64FC6B /* SimpleLineIcons.ttf */,
				B22B13DB1C814024AB442DDF /* Zocial.ttf */,
			);
			name = Resources;
			sourceTree = "<group>";
		};
/* End PBXGroup section */

/* Begin PBXNativeTarget section */
		00E356ED1AD99517003FC87E /* GUITAR_PROFICIENCYTests */ = {
			isa = PBXNativeTarget;
			buildConfigurationList = 00E357021AD99517003FC87E /* Build configuration list for PBXNativeTarget "GUITAR_PROFICIENCYTests" */;
			buildPhases = (
				E7EF981689D7FE30F13A411E /* [CP] Check Pods Manifest.lock */,
				00E356EA1AD99517003FC87E /* Sources */,
				00E356EB1AD99517003FC87E /* Frameworks */,
				00E356EC1AD99517003FC87E /* Resources */,
			);
			buildRules = (
			);
			dependencies = (
				00E356F51AD99517003FC87E /* PBXTargetDependency */,
			);
			name = GUITAR_PROFICIENCYTests;
			productName = GUITAR_PROFICIENCYTests;
			productReference = 00E356EE1AD99517003FC87E /* GUITAR_PROFICIENCYTests.xctest */;
			productType = "com.apple.product-type.bundle.unit-test";
		};
		13B07F861A680F5B00A75B9A /* GUITAR_PROFICIENCY */ = {
			isa = PBXNativeTarget;
			buildConfigurationList = 13B07F931A680F5B00A75B9A /* Build configuration list for PBXNativeTarget "GUITAR_PROFICIENCY" */;
			buildPhases = (
				3EC77FC2C0C4682986FD4512 /* [CP] Check Pods Manifest.lock */,
				FD10A7F022414F080027D42C /* Start Packager */,
				13B07F871A680F5B00A75B9A /* Sources */,
				13B07F8C1A680F5B00A75B9A /* Frameworks */,
				13B07F8E1A680F5B00A75B9A /* Resources */,
				00DD1BFF1BD5951E006B06BC /* Bundle React Native code and images */,
				F635954F92E63C6D1ED8E2E9 /* [CP] Copy Pods Resources */,
			);
			buildRules = (
			);
			dependencies = (
			);
			name = GUITAR_PROFICIENCY;
			productName = "Hello World";
			productReference = 13B07F961A680F5B00A75B9A /* GUITAR_PROFICIENCY.app */;
			productType = "com.apple.product-type.application";
		};
		2D02E47A1E0B4A5D006451C7 /* GUITAR_PROFICIENCY-tvOS */ = {
			isa = PBXNativeTarget;
			buildConfigurationList = 2D02E4BA1E0B4A5E006451C7 /* Build configuration list for PBXNativeTarget "GUITAR_PROFICIENCY-tvOS" */;
			buildPhases = (
				909C37B08EE298F43A0A0E2C /* [CP] Check Pods Manifest.lock */,
				FD10A7F122414F3F0027D42C /* Start Packager */,
				2D02E4771E0B4A5D006451C7 /* Sources */,
				2D02E4781E0B4A5D006451C7 /* Frameworks */,
				2D02E4791E0B4A5D006451C7 /* Resources */,
				2D02E4CB1E0B4B27006451C7 /* Bundle React Native Code And Images */,
			);
			buildRules = (
			);
			dependencies = (
			);
			name = "GUITAR_PROFICIENCY-tvOS";
			productName = "GUITAR_PROFICIENCY-tvOS";
			productReference = 2D02E47B1E0B4A5D006451C7 /* GUITAR_PROFICIENCY-tvOS.app */;
			productType = "com.apple.product-type.application";
		};
		2D02E48F1E0B4A5D006451C7 /* GUITAR_PROFICIENCY-tvOSTests */ = {
			isa = PBXNativeTarget;
			buildConfigurationList = 2D02E4BB1E0B4A5E006451C7 /* Build configuration list for PBXNativeTarget "GUITAR_PROFICIENCY-tvOSTests" */;
			buildPhases = (
				681C6B3058813B3EA50FFEF0 /* [CP] Check Pods Manifest.lock */,
				2D02E48C1E0B4A5D006451C7 /* Sources */,
				2D02E48D1E0B4A5D006451C7 /* Frameworks */,
				2D02E48E1E0B4A5D006451C7 /* Resources */,
			);
			buildRules = (
			);
			dependencies = (
				2D02E4921E0B4A5D006451C7 /* PBXTargetDependency */,
			);
			name = "GUITAR_PROFICIENCY-tvOSTests";
			productName = "GUITAR_PROFICIENCY-tvOSTests";
			productReference = 2D02E4901E0B4A5D006451C7 /* GUITAR_PROFICIENCY-tvOSTests.xctest */;
			productType = "com.apple.product-type.bundle.unit-test";
		};
/* End PBXNativeTarget section */

/* Begin PBXProject section */
		83CBB9F71A601CBA00E9B192 /* Project object */ = {
			isa = PBXProject;
			attributes = {
				LastUpgradeCheck = 940;
				ORGANIZATIONNAME = Facebook;
				TargetAttributes = {
					00E356ED1AD99517003FC87E = {
						CreatedOnToolsVersion = 6.2;
						TestTargetID = 13B07F861A680F5B00A75B9A;
					};
					13B07F861A680F5B00A75B9A = {
						DevelopmentTeam = V7DQ22ECH5;
						ProvisioningStyle = Manual;
					};
					2D02E47A1E0B4A5D006451C7 = {
						CreatedOnToolsVersion = 8.2.1;
						ProvisioningStyle = Automatic;
					};
					2D02E48F1E0B4A5D006451C7 = {
						CreatedOnToolsVersion = 8.2.1;
						ProvisioningStyle = Automatic;
						TestTargetID = 2D02E47A1E0B4A5D006451C7;
					};
				};
			};
			buildConfigurationList = 83CBB9FA1A601CBA00E9B192 /* Build configuration list for PBXProject "GUITAR_PROFICIENCY" */;
			compatibilityVersion = "Xcode 3.2";
			developmentRegion = English;
			hasScannedForEncodings = 0;
			knownRegions = (
				English,
				en,
				Base,
			);
			mainGroup = 83CBB9F61A601CBA00E9B192;
			productRefGroup = 83CBBA001A601CBA00E9B192 /* Products */;
			projectDirPath = "";
			projectRoot = "";
			targets = (
				13B07F861A680F5B00A75B9A /* GUITAR_PROFICIENCY */,
				00E356ED1AD99517003FC87E /* GUITAR_PROFICIENCYTests */,
				2D02E47A1E0B4A5D006451C7 /* GUITAR_PROFICIENCY-tvOS */,
				2D02E48F1E0B4A5D006451C7 /* GUITAR_PROFICIENCY-tvOSTests */,
			);
		};
/* End PBXProject section */

/* Begin PBXResourcesBuildPhase section */
		00E356EC1AD99517003FC87E /* Resources */ = {
			isa = PBXResourcesBuildPhase;
			buildActionMask = 2147483647;
			files = (
			);
			runOnlyForDeploymentPostprocessing = 0;
		};
		13B07F8E1A680F5B00A75B9A /* Resources */ = {
			isa = PBXResourcesBuildPhase;
			buildActionMask = 2147483647;
			files = (
				13B07FBF1A68108700A75B9A /* Images.xcassets in Resources */,
				13B07FBD1A68108700A75B9A /* LaunchScreen.xib in Resources */,
				00F576C7B7ED47D082D31508 /* BuildFile in Resources */,
				4B0AA8F58DA74AA897B06A95 /* Blinker-Black.ttf in Resources */,
				1EC7917FCBF949EAA4D0498C /* Blinker-Bold.ttf in Resources */,
				FAF9A60A565E417C8F98630C /* Blinker-ExtraBold.ttf in Resources */,
				2A684EC70F54418FA13DA906 /* Blinker-ExtraLight.ttf in Resources */,
				DD042E2BB10D4E14A12BE288 /* Blinker-Light.ttf in Resources */,
				74C3A92DFFA143668D39C910 /* Blinker-Regular.ttf in Resources */,
				23F454EB6D1C4853A77EE2B2 /* Blinker-SemiBold.ttf in Resources */,
				89670DC922FF4C86965408A1 /* Blinker-Thin.ttf in Resources */,
				34EC4AC2766A4401A4938052 /* AntDesign.ttf in Resources */,
				BC2CBEE1455943D3A50497BB /* Entypo.ttf in Resources */,
				3FB24B891F20453982056399 /* EvilIcons.ttf in Resources */,
				339C8A2A98B948F8B8CBB20D /* Feather.ttf in Resources */,
				D8E463CAD43A41E6B995A169 /* FontAwesome.ttf in Resources */,
				61A87A6BDBD84D908C9B22FB /* FontAwesome5_Brands.ttf in Resources */,
				F73A6CB10DF84C038ABC9701 /* FontAwesome5_Regular.ttf in Resources */,
				0BB9F2C337F741DF88FEDCB5 /* FontAwesome5_Solid.ttf in Resources */,
				22D5426BB47346728ACC4EF4 /* Fontisto.ttf in Resources */,
				C7CB67CF960F4A4FA0E277F5 /* Foundation.ttf in Resources */,
				9338EE21E3C84A498BD6D027 /* Ionicons.ttf in Resources */,
				E4A092C2C2DA4D2F9F2E1121 /* MaterialCommunityIcons.ttf in Resources */,
				3535E469D2DF469A96C86765 /* MaterialIcons.ttf in Resources */,
				3B771C373E564219BB483B3E /* Octicons.ttf in Resources */,
				BE7D6A00E06342A1BDF604A2 /* SimpleLineIcons.ttf in Resources */,
				6D55EF68DB8B43D096E47D74 /* Zocial.ttf in Resources */,
			);
			runOnlyForDeploymentPostprocessing = 0;
		};
		2D02E4791E0B4A5D006451C7 /* Resources */ = {
			isa = PBXResourcesBuildPhase;
			buildActionMask = 2147483647;
			files = (
				2D02E4BD1E0B4A84006451C7 /* Images.xcassets in Resources */,
			);
			runOnlyForDeploymentPostprocessing = 0;
		};
		2D02E48E1E0B4A5D006451C7 /* Resources */ = {
			isa = PBXResourcesBuildPhase;
			buildActionMask = 2147483647;
			files = (
			);
			runOnlyForDeploymentPostprocessing = 0;
		};
/* End PBXResourcesBuildPhase section */

/* Begin PBXShellScriptBuildPhase section */
		00DD1BFF1BD5951E006B06BC /* Bundle React Native code and images */ = {
			isa = PBXShellScriptBuildPhase;
			buildActionMask = 2147483647;
			files = (
			);
			inputPaths = (
			);
			name = "Bundle React Native code and images";
			outputPaths = (
			);
			runOnlyForDeploymentPostprocessing = 0;
			shellPath = /bin/sh;
			shellScript = "export NODE_BINARY=node\n../node_modules/react-native/scripts/react-native-xcode.sh";
		};
		2D02E4CB1E0B4B27006451C7 /* Bundle React Native Code And Images */ = {
			isa = PBXShellScriptBuildPhase;
			buildActionMask = 2147483647;
			files = (
			);
			inputPaths = (
			);
			name = "Bundle React Native Code And Images";
			outputPaths = (
			);
			runOnlyForDeploymentPostprocessing = 0;
			shellPath = /bin/sh;
			shellScript = "export NODE_BINARY=node\n../node_modules/react-native/scripts/react-native-xcode.sh";
		};
		3EC77FC2C0C4682986FD4512 /* [CP] Check Pods Manifest.lock */ = {
			isa = PBXShellScriptBuildPhase;
			buildActionMask = 2147483647;
			files = (
			);
			inputFileListPaths = (
			);
			inputPaths = (
				"${PODS_PODFILE_DIR_PATH}/Podfile.lock",
				"${PODS_ROOT}/Manifest.lock",
			);
			name = "[CP] Check Pods Manifest.lock";
			outputFileListPaths = (
			);
			outputPaths = (
				"$(DERIVED_FILE_DIR)/Pods-GUITAR_PROFICIENCY-checkManifestLockResult.txt",
			);
			runOnlyForDeploymentPostprocessing = 0;
			shellPath = /bin/sh;
			shellScript = "diff \"${PODS_PODFILE_DIR_PATH}/Podfile.lock\" \"${PODS_ROOT}/Manifest.lock\" > /dev/null\nif [ $? != 0 ] ; then\n    # print error to STDERR\n    echo \"error: The sandbox is not in sync with the Podfile.lock. Run 'pod install' or update your CocoaPods installation.\" >&2\n    exit 1\nfi\n# This output is used by Xcode 'outputs' to avoid re-running this script phase.\necho \"SUCCESS\" > \"${SCRIPT_OUTPUT_FILE_0}\"\n";
			showEnvVarsInLog = 0;
		};
		681C6B3058813B3EA50FFEF0 /* [CP] Check Pods Manifest.lock */ = {
			isa = PBXShellScriptBuildPhase;
			buildActionMask = 2147483647;
			files = (
			);
			inputFileListPaths = (
			);
			inputPaths = (
				"${PODS_PODFILE_DIR_PATH}/Podfile.lock",
				"${PODS_ROOT}/Manifest.lock",
			);
			name = "[CP] Check Pods Manifest.lock";
			outputFileListPaths = (
			);
			outputPaths = (
				"$(DERIVED_FILE_DIR)/Pods-GUITAR_PROFICIENCY-tvOSTests-checkManifestLockResult.txt",
			);
			runOnlyForDeploymentPostprocessing = 0;
			shellPath = /bin/sh;
			shellScript = "diff \"${PODS_PODFILE_DIR_PATH}/Podfile.lock\" \"${PODS_ROOT}/Manifest.lock\" > /dev/null\nif [ $? != 0 ] ; then\n    # print error to STDERR\n    echo \"error: The sandbox is not in sync with the Podfile.lock. Run 'pod install' or update your CocoaPods installation.\" >&2\n    exit 1\nfi\n# This output is used by Xcode 'outputs' to avoid re-running this script phase.\necho \"SUCCESS\" > \"${SCRIPT_OUTPUT_FILE_0}\"\n";
			showEnvVarsInLog = 0;
		};
		909C37B08EE298F43A0A0E2C /* [CP] Check Pods Manifest.lock */ = {
			isa = PBXShellScriptBuildPhase;
			buildActionMask = 2147483647;
			files = (
			);
			inputFileListPaths = (
			);
			inputPaths = (
				"${PODS_PODFILE_DIR_PATH}/Podfile.lock",
				"${PODS_ROOT}/Manifest.lock",
			);
			name = "[CP] Check Pods Manifest.lock";
			outputFileListPaths = (
			);
			outputPaths = (
				"$(DERIVED_FILE_DIR)/Pods-GUITAR_PROFICIENCY-tvOS-checkManifestLockResult.txt",
			);
			runOnlyForDeploymentPostprocessing = 0;
			shellPath = /bin/sh;
			shellScript = "diff \"${PODS_PODFILE_DIR_PATH}/Podfile.lock\" \"${PODS_ROOT}/Manifest.lock\" > /dev/null\nif [ $? != 0 ] ; then\n    # print error to STDERR\n    echo \"error: The sandbox is not in sync with the Podfile.lock. Run 'pod install' or update your CocoaPods installation.\" >&2\n    exit 1\nfi\n# This output is used by Xcode 'outputs' to avoid re-running this script phase.\necho \"SUCCESS\" > \"${SCRIPT_OUTPUT_FILE_0}\"\n";
			showEnvVarsInLog = 0;
		};
		E7EF981689D7FE30F13A411E /* [CP] Check Pods Manifest.lock */ = {
			isa = PBXShellScriptBuildPhase;
			buildActionMask = 2147483647;
			files = (
			);
			inputFileListPaths = (
			);
			inputPaths = (
				"${PODS_PODFILE_DIR_PATH}/Podfile.lock",
				"${PODS_ROOT}/Manifest.lock",
			);
			name = "[CP] Check Pods Manifest.lock";
			outputFileListPaths = (
			);
			outputPaths = (
				"$(DERIVED_FILE_DIR)/Pods-GUITAR_PROFICIENCYTests-checkManifestLockResult.txt",
			);
			runOnlyForDeploymentPostprocessing = 0;
			shellPath = /bin/sh;
			shellScript = "diff \"${PODS_PODFILE_DIR_PATH}/Podfile.lock\" \"${PODS_ROOT}/Manifest.lock\" > /dev/null\nif [ $? != 0 ] ; then\n    # print error to STDERR\n    echo \"error: The sandbox is not in sync with the Podfile.lock. Run 'pod install' or update your CocoaPods installation.\" >&2\n    exit 1\nfi\n# This output is used by Xcode 'outputs' to avoid re-running this script phase.\necho \"SUCCESS\" > \"${SCRIPT_OUTPUT_FILE_0}\"\n";
			showEnvVarsInLog = 0;
		};
		F635954F92E63C6D1ED8E2E9 /* [CP] Copy Pods Resources */ = {
			isa = PBXShellScriptBuildPhase;
			buildActionMask = 2147483647;
			files = (
			);
			inputPaths = (
				"${PODS_ROOT}/Target Support Files/Pods-GUITAR_PROFICIENCY/Pods-GUITAR_PROFICIENCY-resources.sh",
				"${PODS_ROOT}/../../node_modules/react-native-vector-icons/Fonts/AntDesign.ttf",
				"${PODS_ROOT}/../../node_modules/react-native-vector-icons/Fonts/Entypo.ttf",
				"${PODS_ROOT}/../../node_modules/react-native-vector-icons/Fonts/EvilIcons.ttf",
				"${PODS_ROOT}/../../node_modules/react-native-vector-icons/Fonts/Feather.ttf",
				"${PODS_ROOT}/../../node_modules/react-native-vector-icons/Fonts/FontAwesome.ttf",
				"${PODS_ROOT}/../../node_modules/react-native-vector-icons/Fonts/FontAwesome5_Brands.ttf",
				"${PODS_ROOT}/../../node_modules/react-native-vector-icons/Fonts/FontAwesome5_Regular.ttf",
				"${PODS_ROOT}/../../node_modules/react-native-vector-icons/Fonts/FontAwesome5_Solid.ttf",
				"${PODS_ROOT}/../../node_modules/react-native-vector-icons/Fonts/Fontisto.ttf",
				"${PODS_ROOT}/../../node_modules/react-native-vector-icons/Fonts/Foundation.ttf",
				"${PODS_ROOT}/../../node_modules/react-native-vector-icons/Fonts/Ionicons.ttf",
				"${PODS_ROOT}/../../node_modules/react-native-vector-icons/Fonts/MaterialCommunityIcons.ttf",
				"${PODS_ROOT}/../../node_modules/react-native-vector-icons/Fonts/MaterialIcons.ttf",
				"${PODS_ROOT}/../../node_modules/react-native-vector-icons/Fonts/Octicons.ttf",
				"${PODS_ROOT}/../../node_modules/react-native-vector-icons/Fonts/SimpleLineIcons.ttf",
				"${PODS_ROOT}/../../node_modules/react-native-vector-icons/Fonts/Zocial.ttf",
			);
			name = "[CP] Copy Pods Resources";
			outputPaths = (
				"${TARGET_BUILD_DIR}/${UNLOCALIZED_RESOURCES_FOLDER_PATH}/AntDesign.ttf",
				"${TARGET_BUILD_DIR}/${UNLOCALIZED_RESOURCES_FOLDER_PATH}/Entypo.ttf",
				"${TARGET_BUILD_DIR}/${UNLOCALIZED_RESOURCES_FOLDER_PATH}/EvilIcons.ttf",
				"${TARGET_BUILD_DIR}/${UNLOCALIZED_RESOURCES_FOLDER_PATH}/Feather.ttf",
				"${TARGET_BUILD_DIR}/${UNLOCALIZED_RESOURCES_FOLDER_PATH}/FontAwesome.ttf",
				"${TARGET_BUILD_DIR}/${UNLOCALIZED_RESOURCES_FOLDER_PATH}/FontAwesome5_Brands.ttf",
				"${TARGET_BUILD_DIR}/${UNLOCALIZED_RESOURCES_FOLDER_PATH}/FontAwesome5_Regular.ttf",
				"${TARGET_BUILD_DIR}/${UNLOCALIZED_RESOURCES_FOLDER_PATH}/FontAwesome5_Solid.ttf",
				"${TARGET_BUILD_DIR}/${UNLOCALIZED_RESOURCES_FOLDER_PATH}/Fontisto.ttf",
				"${TARGET_BUILD_DIR}/${UNLOCALIZED_RESOURCES_FOLDER_PATH}/Foundation.ttf",
				"${TARGET_BUILD_DIR}/${UNLOCALIZED_RESOURCES_FOLDER_PATH}/Ionicons.ttf",
				"${TARGET_BUILD_DIR}/${UNLOCALIZED_RESOURCES_FOLDER_PATH}/MaterialCommunityIcons.ttf",
				"${TARGET_BUILD_DIR}/${UNLOCALIZED_RESOURCES_FOLDER_PATH}/MaterialIcons.ttf",
				"${TARGET_BUILD_DIR}/${UNLOCALIZED_RESOURCES_FOLDER_PATH}/Octicons.ttf",
				"${TARGET_BUILD_DIR}/${UNLOCALIZED_RESOURCES_FOLDER_PATH}/SimpleLineIcons.ttf",
				"${TARGET_BUILD_DIR}/${UNLOCALIZED_RESOURCES_FOLDER_PATH}/Zocial.ttf",
			);
			runOnlyForDeploymentPostprocessing = 0;
			shellPath = /bin/sh;
			shellScript = "\"${PODS_ROOT}/Target Support Files/Pods-GUITAR_PROFICIENCY/Pods-GUITAR_PROFICIENCY-resources.sh\"\n";
			showEnvVarsInLog = 0;
		};
		FD10A7F022414F080027D42C /* Start Packager */ = {
			isa = PBXShellScriptBuildPhase;
			buildActionMask = 2147483647;
			files = (
			);
			inputFileListPaths = (
			);
			inputPaths = (
			);
			name = "Start Packager";
			outputFileListPaths = (
			);
			outputPaths = (
			);
			runOnlyForDeploymentPostprocessing = 0;
			shellPath = /bin/sh;
			shellScript = "export RCT_METRO_PORT=\"${RCT_METRO_PORT:=8081}\"\necho \"export RCT_METRO_PORT=${RCT_METRO_PORT}\" > \"${SRCROOT}/../node_modules/react-native/scripts/.packager.env\"\nif [ -z \"${RCT_NO_LAUNCH_PACKAGER+xxx}\" ] ; then\n  if nc -w 5 -z localhost ${RCT_METRO_PORT} ; then\n    if ! curl -s \"http://localhost:${RCT_METRO_PORT}/status\" | grep -q \"packager-status:running\" ; then\n      echo \"Port ${RCT_METRO_PORT} already in use, packager is either not running or not running correctly\"\n      exit 2\n    fi\n  else\n    open \"$SRCROOT/../node_modules/react-native/scripts/launchPackager.command\" || echo \"Can't start packager automatically\"\n  fi\nfi\n";
			showEnvVarsInLog = 0;
		};
		FD10A7F122414F3F0027D42C /* Start Packager */ = {
			isa = PBXShellScriptBuildPhase;
			buildActionMask = 2147483647;
			files = (
			);
			inputFileListPaths = (
			);
			inputPaths = (
			);
			name = "Start Packager";
			outputFileListPaths = (
			);
			outputPaths = (
			);
			runOnlyForDeploymentPostprocessing = 0;
			shellPath = /bin/sh;
			shellScript = "export RCT_METRO_PORT=\"${RCT_METRO_PORT:=8081}\"\necho \"export RCT_METRO_PORT=${RCT_METRO_PORT}\" > \"${SRCROOT}/../node_modules/react-native/scripts/.packager.env\"\nif [ -z \"${RCT_NO_LAUNCH_PACKAGER+xxx}\" ] ; then\n  if nc -w 5 -z localhost ${RCT_METRO_PORT} ; then\n    if ! curl -s \"http://localhost:${RCT_METRO_PORT}/status\" | grep -q \"packager-status:running\" ; then\n      echo \"Port ${RCT_METRO_PORT} already in use, packager is either not running or not running correctly\"\n      exit 2\n    fi\n  else\n    open \"$SRCROOT/../node_modules/react-native/scripts/launchPackager.command\" || echo \"Can't start packager automatically\"\n  fi\nfi\n";
			showEnvVarsInLog = 0;
		};
/* End PBXShellScriptBuildPhase section */

/* Begin PBXSourcesBuildPhase section */
		00E356EA1AD99517003FC87E /* Sources */ = {
			isa = PBXSourcesBuildPhase;
			buildActionMask = 2147483647;
			files = (
				00E356F31AD99517003FC87E /* GUITAR_PROFICIENCYTests.m in Sources */,
			);
			runOnlyForDeploymentPostprocessing = 0;
		};
		13B07F871A680F5B00A75B9A /* Sources */ = {
			isa = PBXSourcesBuildPhase;
			buildActionMask = 2147483647;
			files = (
				13B07FBC1A68108700A75B9A /* AppDelegate.m in Sources */,
				13B07FC11A68108700A75B9A /* main.m in Sources */,
			);
			runOnlyForDeploymentPostprocessing = 0;
		};
		2D02E4771E0B4A5D006451C7 /* Sources */ = {
			isa = PBXSourcesBuildPhase;
			buildActionMask = 2147483647;
			files = (
				2D02E4BF1E0B4AB3006451C7 /* main.m in Sources */,
				2D02E4BC1E0B4A80006451C7 /* AppDelegate.m in Sources */,
			);
			runOnlyForDeploymentPostprocessing = 0;
		};
		2D02E48C1E0B4A5D006451C7 /* Sources */ = {
			isa = PBXSourcesBuildPhase;
			buildActionMask = 2147483647;
			files = (
				2DCD954D1E0B4F2C00145EB5 /* GUITAR_PROFICIENCYTests.m in Sources */,
			);
			runOnlyForDeploymentPostprocessing = 0;
		};
/* End PBXSourcesBuildPhase section */

/* Begin PBXTargetDependency section */
		00E356F51AD99517003FC87E /* PBXTargetDependency */ = {
			isa = PBXTargetDependency;
			target = 13B07F861A680F5B00A75B9A /* GUITAR_PROFICIENCY */;
			targetProxy = 00E356F41AD99517003FC87E /* PBXContainerItemProxy */;
		};
		2D02E4921E0B4A5D006451C7 /* PBXTargetDependency */ = {
			isa = PBXTargetDependency;
			target = 2D02E47A1E0B4A5D006451C7 /* GUITAR_PROFICIENCY-tvOS */;
			targetProxy = 2D02E4911E0B4A5D006451C7 /* PBXContainerItemProxy */;
		};
/* End PBXTargetDependency section */

/* Begin PBXVariantGroup section */
		13B07FB11A68108700A75B9A /* LaunchScreen.xib */ = {
			isa = PBXVariantGroup;
			children = (
				13B07FB21A68108700A75B9A /* Base */,
			);
			name = LaunchScreen.xib;
			path = GUITAR_PROFICIENCY;
			sourceTree = "<group>";
		};
/* End PBXVariantGroup section */

/* Begin XCBuildConfiguration section */
		00E356F61AD99517003FC87E /* Debug */ = {
			isa = XCBuildConfiguration;
			baseConfigurationReference = D900E98FDD4BA4DC27E26D28 /* Pods-GUITAR_PROFICIENCYTests.debug.xcconfig */;
			buildSettings = {
				BUNDLE_LOADER = "$(TEST_HOST)";
				GCC_PREPROCESSOR_DEFINITIONS = (
					"DEBUG=1",
					"$(inherited)",
				);
				HEADER_SEARCH_PATHS = (
					"$(inherited)",
					"$(SRCROOT)/../node_modules/react-native-splash-screen/ios",
					"$(SRCROOT)/../node_modules/react-native-reanimated/ios/**",
					"$(SRCROOT)/../node_modules/react-native-gesture-handler/ios/**",
					"$(SRCROOT)/../node_modules/react-native-vector-icons/RNVectorIconsManager",
					"$(SRCROOT)/../node_modules/react-native-svg/ios/**",
					"$(SRCROOT)/../node_modules/react-native-device-info/ios/RNDeviceInfo",
				);
				INFOPLIST_FILE = GUITAR_PROFICIENCYTests/Info.plist;
				IPHONEOS_DEPLOYMENT_TARGET = 9.0;
				LD_RUNPATH_SEARCH_PATHS = "$(inherited) @executable_path/Frameworks @loader_path/Frameworks";
				LIBRARY_SEARCH_PATHS = "$(inherited)";
				OTHER_LDFLAGS = (
					"-ObjC",
					"-lc++",
				);
				PRODUCT_BUNDLE_IDENTIFIER = "org.reactjs.native.example.$(PRODUCT_NAME:rfc1034identifier)";
				PRODUCT_NAME = "$(TARGET_NAME)";
				TEST_HOST = "$(BUILT_PRODUCTS_DIR)/GUITAR_PROFICIENCY.app/GUITAR_PROFICIENCY";
			};
			name = Debug;
		};
		00E356F71AD99517003FC87E /* Release */ = {
			isa = XCBuildConfiguration;
			baseConfigurationReference = EABDEE965981E197D2555DF5 /* Pods-GUITAR_PROFICIENCYTests.release.xcconfig */;
			buildSettings = {
				BUNDLE_LOADER = "$(TEST_HOST)";
				COPY_PHASE_STRIP = NO;
				HEADER_SEARCH_PATHS = (
					"$(inherited)",
					"$(SRCROOT)/../node_modules/react-native-splash-screen/ios",
					"$(SRCROOT)/../node_modules/react-native-reanimated/ios/**",
					"$(SRCROOT)/../node_modules/react-native-gesture-handler/ios/**",
					"$(SRCROOT)/../node_modules/react-native-vector-icons/RNVectorIconsManager",
					"$(SRCROOT)/../node_modules/react-native-svg/ios/**",
					"$(SRCROOT)/../node_modules/react-native-device-info/ios/RNDeviceInfo",
				);
				INFOPLIST_FILE = GUITAR_PROFICIENCYTests/Info.plist;
				IPHONEOS_DEPLOYMENT_TARGET = 9.0;
				LD_RUNPATH_SEARCH_PATHS = "$(inherited) @executable_path/Frameworks @loader_path/Frameworks";
				LIBRARY_SEARCH_PATHS = "$(inherited)";
				OTHER_LDFLAGS = (
					"-ObjC",
					"-lc++",
				);
				PRODUCT_BUNDLE_IDENTIFIER = "org.reactjs.native.example.$(PRODUCT_NAME:rfc1034identifier)";
				PRODUCT_NAME = "$(TARGET_NAME)";
				TEST_HOST = "$(BUILT_PRODUCTS_DIR)/GUITAR_PROFICIENCY.app/GUITAR_PROFICIENCY";
			};
			name = Release;
		};
		13B07F941A680F5B00A75B9A /* Debug */ = {
			isa = XCBuildConfiguration;
			baseConfigurationReference = 7D3B7BD298ED8C00DF01D486 /* Pods-GUITAR_PROFICIENCY.debug.xcconfig */;
			buildSettings = {
				ASSETCATALOG_COMPILER_APPICON_NAME = AppIcon;
				CODE_SIGN_IDENTITY = "iPhone Developer";
				"CODE_SIGN_IDENTITY[sdk=iphoneos*]" = "Apple Development: Hung Vo (RULT5X5HDV)";
				CODE_SIGN_STYLE = Manual;
				CURRENT_PROJECT_VERSION = 43;
				DEAD_CODE_STRIPPING = NO;
				DEVELOPMENT_TEAM = V7DQ22ECH5;
				HEADER_SEARCH_PATHS = (
					"$(inherited)",
					"$(SRCROOT)/../node_modules/react-native-splash-screen/ios",
					"$(SRCROOT)/../node_modules/react-native-reanimated/ios/**",
					"$(SRCROOT)/../node_modules/react-native-gesture-handler/ios/**",
					"$(SRCROOT)/../node_modules/react-native-vector-icons/RNVectorIconsManager",
					"$(SRCROOT)/../node_modules/react-native-svg/ios/**",
					"$(SRCROOT)/../node_modules/react-native-device-info/ios/RNDeviceInfo",
				);
				INFOPLIST_FILE = GUITAR_PROFICIENCY/Info.plist;
				LD_RUNPATH_SEARCH_PATHS = "$(inherited) @executable_path/Frameworks";
				OTHER_LDFLAGS = (
					"$(inherited)",
					"-ObjC",
					"-lc++",
				);
				PRODUCT_BUNDLE_IDENTIFIER = com.dsv.guitarproficiency;
				PRODUCT_NAME = GUITAR_PROFICIENCY;
				PROVISIONING_PROFILE = "cca5ef38-138a-47b4-832c-62b0cf935e3b";
				PROVISIONING_PROFILE_SPECIFIER = "match Development com.dsv.guitarproficiency";
				TARGETED_DEVICE_FAMILY = "1,2";
				VERSIONING_SYSTEM = "apple-generic";
			};
			name = Debug;
		};
		13B07F951A680F5B00A75B9A /* Release */ = {
			isa = XCBuildConfiguration;
			baseConfigurationReference = 22D57A7EDADB18F8951E6C6F /* Pods-GUITAR_PROFICIENCY.release.xcconfig */;
			buildSettings = {
				ASSETCATALOG_COMPILER_APPICON_NAME = AppIcon;
				CODE_SIGN_IDENTITY = "iPhone Distribution";
				"CODE_SIGN_IDENTITY[sdk=iphoneos*]" = "iPhone Distribution: Hung Vo (V7DQ22ECH5)";
				CODE_SIGN_STYLE = Manual;
				CURRENT_PROJECT_VERSION = 43;
				DEVELOPMENT_TEAM = V7DQ22ECH5;
				HEADER_SEARCH_PATHS = (
					"$(inherited)",
					"$(SRCROOT)/../node_modules/react-native-splash-screen/ios",
					"$(SRCROOT)/../node_modules/react-native-reanimated/ios/**",
					"$(SRCROOT)/../node_modules/react-native-gesture-handler/ios/**",
					"$(SRCROOT)/../node_modules/react-native-vector-icons/RNVectorIconsManager",
					"$(SRCROOT)/../node_modules/react-native-svg/ios/**",
					"$(SRCROOT)/../node_modules/react-native-device-info/ios/RNDeviceInfo",
				);
				INFOPLIST_FILE = GUITAR_PROFICIENCY/Info.plist;
				LD_RUNPATH_SEARCH_PATHS = "$(inherited) @executable_path/Frameworks";
				OTHER_LDFLAGS = (
					"$(inherited)",
					"-ObjC",
					"-lc++",
				);
				PRODUCT_BUNDLE_IDENTIFIER = com.dsv.guitarproficiency;
				PRODUCT_NAME = GUITAR_PROFICIENCY;
				PROVISIONING_PROFILE = "0c947bf0-2c4d-492a-b714-8dbd292af0be";
				PROVISIONING_PROFILE_SPECIFIER = "match AppStore com.dsv.guitarproficiency";
				TARGETED_DEVICE_FAMILY = "1,2";
				VERSIONING_SYSTEM = "apple-generic";
			};
			name = Release;
		};
		2D02E4971E0B4A5E006451C7 /* Debug */ = {
			isa = XCBuildConfiguration;
			baseConfigurationReference = D3E231AE70034DC44DCDCAED /* Pods-GUITAR_PROFICIENCY-tvOS.debug.xcconfig */;
			buildSettings = {
				ASSETCATALOG_COMPILER_APPICON_NAME = "App Icon & Top Shelf Image";
				ASSETCATALOG_COMPILER_LAUNCHIMAGE_NAME = LaunchImage;
				CLANG_ANALYZER_NONNULL = YES;
				CLANG_WARN_DOCUMENTATION_COMMENTS = YES;
				CLANG_WARN_INFINITE_RECURSION = YES;
				CLANG_WARN_SUSPICIOUS_MOVE = YES;
				DEBUG_INFORMATION_FORMAT = dwarf;
				ENABLE_TESTABILITY = YES;
				GCC_NO_COMMON_BLOCKS = YES;
				HEADER_SEARCH_PATHS = (
					"$(inherited)",
					"$(SRCROOT)/../node_modules/react-native-splash-screen/ios",
					"$(SRCROOT)/../node_modules/react-native-reanimated/ios/**",
					"$(SRCROOT)/../node_modules/react-native-gesture-handler/ios/**",
					"$(SRCROOT)/../node_modules/react-native-vector-icons/RNVectorIconsManager",
					"$(SRCROOT)/../node_modules/react-native-svg/ios/**",
					"$(SRCROOT)/../node_modules/react-native-device-info/ios/RNDeviceInfo",
				);
				INFOPLIST_FILE = "GUITAR_PROFICIENCY-tvOS/Info.plist";
				LD_RUNPATH_SEARCH_PATHS = "$(inherited) @executable_path/Frameworks";
				LIBRARY_SEARCH_PATHS = "$(inherited)";
				OTHER_LDFLAGS = (
					"-ObjC",
					"-lc++",
				);
				PRODUCT_BUNDLE_IDENTIFIER = "com.facebook.REACT.GUITAR_PROFICIENCY-tvOS";
				PRODUCT_NAME = "$(TARGET_NAME)";
				SDKROOT = appletvos;
				TARGETED_DEVICE_FAMILY = 3;
				TVOS_DEPLOYMENT_TARGET = 9.2;
			};
			name = Debug;
		};
		2D02E4981E0B4A5E006451C7 /* Release */ = {
			isa = XCBuildConfiguration;
			baseConfigurationReference = AB6BBC336FEA1D72DB968BF4 /* Pods-GUITAR_PROFICIENCY-tvOS.release.xcconfig */;
			buildSettings = {
				ASSETCATALOG_COMPILER_APPICON_NAME = "App Icon & Top Shelf Image";
				ASSETCATALOG_COMPILER_LAUNCHIMAGE_NAME = LaunchImage;
				CLANG_ANALYZER_NONNULL = YES;
				CLANG_WARN_DOCUMENTATION_COMMENTS = YES;
				CLANG_WARN_INFINITE_RECURSION = YES;
				CLANG_WARN_SUSPICIOUS_MOVE = YES;
				COPY_PHASE_STRIP = NO;
				DEBUG_INFORMATION_FORMAT = "dwarf-with-dsym";
				GCC_NO_COMMON_BLOCKS = YES;
				HEADER_SEARCH_PATHS = (
					"$(inherited)",
					"$(SRCROOT)/../node_modules/react-native-splash-screen/ios",
					"$(SRCROOT)/../node_modules/react-native-reanimated/ios/**",
					"$(SRCROOT)/../node_modules/react-native-gesture-handler/ios/**",
					"$(SRCROOT)/../node_modules/react-native-vector-icons/RNVectorIconsManager",
					"$(SRCROOT)/../node_modules/react-native-svg/ios/**",
					"$(SRCROOT)/../node_modules/react-native-device-info/ios/RNDeviceInfo",
				);
				INFOPLIST_FILE = "GUITAR_PROFICIENCY-tvOS/Info.plist";
				LD_RUNPATH_SEARCH_PATHS = "$(inherited) @executable_path/Frameworks";
				LIBRARY_SEARCH_PATHS = "$(inherited)";
				OTHER_LDFLAGS = (
					"-ObjC",
					"-lc++",
				);
				PRODUCT_BUNDLE_IDENTIFIER = "com.facebook.REACT.GUITAR_PROFICIENCY-tvOS";
				PRODUCT_NAME = "$(TARGET_NAME)";
				SDKROOT = appletvos;
				TARGETED_DEVICE_FAMILY = 3;
				TVOS_DEPLOYMENT_TARGET = 9.2;
			};
			name = Release;
		};
		2D02E4991E0B4A5E006451C7 /* Debug */ = {
			isa = XCBuildConfiguration;
			baseConfigurationReference = 3188FDA214C458DB531F3A79 /* Pods-GUITAR_PROFICIENCY-tvOSTests.debug.xcconfig */;
			buildSettings = {
				BUNDLE_LOADER = "$(TEST_HOST)";
				CLANG_ANALYZER_NONNULL = YES;
				CLANG_WARN_DOCUMENTATION_COMMENTS = YES;
				CLANG_WARN_INFINITE_RECURSION = YES;
				CLANG_WARN_SUSPICIOUS_MOVE = YES;
				DEBUG_INFORMATION_FORMAT = dwarf;
				ENABLE_TESTABILITY = YES;
				GCC_NO_COMMON_BLOCKS = YES;
				HEADER_SEARCH_PATHS = (
					"$(inherited)",
					"$(SRCROOT)/../node_modules/react-native-splash-screen/ios",
					"$(SRCROOT)/../node_modules/react-native-reanimated/ios/**",
					"$(SRCROOT)/../node_modules/react-native-gesture-handler/ios/**",
					"$(SRCROOT)/../node_modules/react-native-vector-icons/RNVectorIconsManager",
					"$(SRCROOT)/../node_modules/react-native-svg/ios/**",
					"$(SRCROOT)/../node_modules/react-native-device-info/ios/RNDeviceInfo",
				);
				INFOPLIST_FILE = "GUITAR_PROFICIENCY-tvOSTests/Info.plist";
				LD_RUNPATH_SEARCH_PATHS = "$(inherited) @executable_path/Frameworks @loader_path/Frameworks";
				LIBRARY_SEARCH_PATHS = "$(inherited)";
				OTHER_LDFLAGS = (
					"-ObjC",
					"-lc++",
				);
				PRODUCT_BUNDLE_IDENTIFIER = "com.facebook.REACT.GUITAR_PROFICIENCY-tvOSTests";
				PRODUCT_NAME = "$(TARGET_NAME)";
				SDKROOT = appletvos;
				TEST_HOST = "$(BUILT_PRODUCTS_DIR)/GUITAR_PROFICIENCY-tvOS.app/GUITAR_PROFICIENCY-tvOS";
				TVOS_DEPLOYMENT_TARGET = 10.1;
			};
			name = Debug;
		};
		2D02E49A1E0B4A5E006451C7 /* Release */ = {
			isa = XCBuildConfiguration;
			baseConfigurationReference = 8CE1015A41CE6057855F0F91 /* Pods-GUITAR_PROFICIENCY-tvOSTests.release.xcconfig */;
			buildSettings = {
				BUNDLE_LOADER = "$(TEST_HOST)";
				CLANG_ANALYZER_NONNULL = YES;
				CLANG_WARN_DOCUMENTATION_COMMENTS = YES;
				CLANG_WARN_INFINITE_RECURSION = YES;
				CLANG_WARN_SUSPICIOUS_MOVE = YES;
				COPY_PHASE_STRIP = NO;
				DEBUG_INFORMATION_FORMAT = "dwarf-with-dsym";
				GCC_NO_COMMON_BLOCKS = YES;
				HEADER_SEARCH_PATHS = (
					"$(inherited)",
					"$(SRCROOT)/../node_modules/react-native-splash-screen/ios",
					"$(SRCROOT)/../node_modules/react-native-reanimated/ios/**",
					"$(SRCROOT)/../node_modules/react-native-gesture-handler/ios/**",
					"$(SRCROOT)/../node_modules/react-native-vector-icons/RNVectorIconsManager",
					"$(SRCROOT)/../node_modules/react-native-svg/ios/**",
					"$(SRCROOT)/../node_modules/react-native-device-info/ios/RNDeviceInfo",
				);
				INFOPLIST_FILE = "GUITAR_PROFICIENCY-tvOSTests/Info.plist";
				LD_RUNPATH_SEARCH_PATHS = "$(inherited) @executable_path/Frameworks @loader_path/Frameworks";
				LIBRARY_SEARCH_PATHS = "$(inherited)";
				OTHER_LDFLAGS = (
					"-ObjC",
					"-lc++",
				);
				PRODUCT_BUNDLE_IDENTIFIER = "com.facebook.REACT.GUITAR_PROFICIENCY-tvOSTests";
				PRODUCT_NAME = "$(TARGET_NAME)";
				SDKROOT = appletvos;
				TEST_HOST = "$(BUILT_PRODUCTS_DIR)/GUITAR_PROFICIENCY-tvOS.app/GUITAR_PROFICIENCY-tvOS";
				TVOS_DEPLOYMENT_TARGET = 10.1;
			};
			name = Release;
		};
		83CBBA201A601CBA00E9B192 /* Debug */ = {
			isa = XCBuildConfiguration;
			buildSettings = {
				ALWAYS_SEARCH_USER_PATHS = NO;
				CLANG_CXX_LANGUAGE_STANDARD = "gnu++0x";
				CLANG_CXX_LIBRARY = "libc++";
				CLANG_ENABLE_MODULES = YES;
				CLANG_ENABLE_OBJC_ARC = YES;
				CLANG_WARN_BLOCK_CAPTURE_AUTORELEASING = YES;
				CLANG_WARN_BOOL_CONVERSION = YES;
				CLANG_WARN_COMMA = YES;
				CLANG_WARN_CONSTANT_CONVERSION = YES;
				CLANG_WARN_DEPRECATED_OBJC_IMPLEMENTATIONS = YES;
				CLANG_WARN_DIRECT_OBJC_ISA_USAGE = YES_ERROR;
				CLANG_WARN_EMPTY_BODY = YES;
				CLANG_WARN_ENUM_CONVERSION = YES;
				CLANG_WARN_INFINITE_RECURSION = YES;
				CLANG_WARN_INT_CONVERSION = YES;
				CLANG_WARN_NON_LITERAL_NULL_CONVERSION = YES;
				CLANG_WARN_OBJC_IMPLICIT_RETAIN_SELF = YES;
				CLANG_WARN_OBJC_LITERAL_CONVERSION = YES;
				CLANG_WARN_OBJC_ROOT_CLASS = YES_ERROR;
				CLANG_WARN_RANGE_LOOP_ANALYSIS = YES;
				CLANG_WARN_STRICT_PROTOTYPES = YES;
				CLANG_WARN_SUSPICIOUS_MOVE = YES;
				CLANG_WARN_UNREACHABLE_CODE = YES;
				CLANG_WARN__DUPLICATE_METHOD_MATCH = YES;
				"CODE_SIGN_IDENTITY[sdk=iphoneos*]" = "iPhone Developer";
				COPY_PHASE_STRIP = NO;
				ENABLE_STRICT_OBJC_MSGSEND = YES;
				ENABLE_TESTABILITY = YES;
				GCC_C_LANGUAGE_STANDARD = gnu99;
				GCC_DYNAMIC_NO_PIC = NO;
				GCC_NO_COMMON_BLOCKS = YES;
				GCC_OPTIMIZATION_LEVEL = 0;
				GCC_PREPROCESSOR_DEFINITIONS = (
					"DEBUG=1",
					"$(inherited)",
				);
				GCC_SYMBOLS_PRIVATE_EXTERN = NO;
				GCC_WARN_64_TO_32_BIT_CONVERSION = YES;
				GCC_WARN_ABOUT_RETURN_TYPE = YES_ERROR;
				GCC_WARN_UNDECLARED_SELECTOR = YES;
				GCC_WARN_UNINITIALIZED_AUTOS = YES_AGGRESSIVE;
				GCC_WARN_UNUSED_FUNCTION = YES;
				GCC_WARN_UNUSED_VARIABLE = YES;
				IPHONEOS_DEPLOYMENT_TARGET = 9.0;
				MTL_ENABLE_DEBUG_INFO = YES;
				ONLY_ACTIVE_ARCH = YES;
				SDKROOT = iphoneos;
				TARGETED_DEVICE_FAMILY = "1,2";
			};
			name = Debug;
		};
		83CBBA211A601CBA00E9B192 /* Release */ = {
			isa = XCBuildConfiguration;
			buildSettings = {
				ALWAYS_SEARCH_USER_PATHS = NO;
				CLANG_CXX_LANGUAGE_STANDARD = "gnu++0x";
				CLANG_CXX_LIBRARY = "libc++";
				CLANG_ENABLE_MODULES = YES;
				CLANG_ENABLE_OBJC_ARC = YES;
				CLANG_WARN_BLOCK_CAPTURE_AUTORELEASING = YES;
				CLANG_WARN_BOOL_CONVERSION = YES;
				CLANG_WARN_COMMA = YES;
				CLANG_WARN_CONSTANT_CONVERSION = YES;
				CLANG_WARN_DEPRECATED_OBJC_IMPLEMENTATIONS = YES;
				CLANG_WARN_DIRECT_OBJC_ISA_USAGE = YES_ERROR;
				CLANG_WARN_EMPTY_BODY = YES;
				CLANG_WARN_ENUM_CONVERSION = YES;
				CLANG_WARN_INFINITE_RECURSION = YES;
				CLANG_WARN_INT_CONVERSION = YES;
				CLANG_WARN_NON_LITERAL_NULL_CONVERSION = YES;
				CLANG_WARN_OBJC_IMPLICIT_RETAIN_SELF = YES;
				CLANG_WARN_OBJC_LITERAL_CONVERSION = YES;
				CLANG_WARN_OBJC_ROOT_CLASS = YES_ERROR;
				CLANG_WARN_RANGE_LOOP_ANALYSIS = YES;
				CLANG_WARN_STRICT_PROTOTYPES = YES;
				CLANG_WARN_SUSPICIOUS_MOVE = YES;
				CLANG_WARN_UNREACHABLE_CODE = YES;
				CLANG_WARN__DUPLICATE_METHOD_MATCH = YES;
				"CODE_SIGN_IDENTITY[sdk=iphoneos*]" = "iPhone Developer";
				COPY_PHASE_STRIP = YES;
				ENABLE_NS_ASSERTIONS = NO;
				ENABLE_STRICT_OBJC_MSGSEND = YES;
				GCC_C_LANGUAGE_STANDARD = gnu99;
				GCC_NO_COMMON_BLOCKS = YES;
				GCC_WARN_64_TO_32_BIT_CONVERSION = YES;
				GCC_WARN_ABOUT_RETURN_TYPE = YES_ERROR;
				GCC_WARN_UNDECLARED_SELECTOR = YES;
				GCC_WARN_UNINITIALIZED_AUTOS = YES_AGGRESSIVE;
				GCC_WARN_UNUSED_FUNCTION = YES;
				GCC_WARN_UNUSED_VARIABLE = YES;
				IPHONEOS_DEPLOYMENT_TARGET = 9.0;
				MTL_ENABLE_DEBUG_INFO = NO;
				SDKROOT = iphoneos;
				TARGETED_DEVICE_FAMILY = "1,2";
				VALIDATE_PRODUCT = YES;
			};
			name = Release;
		};
/* End XCBuildConfiguration section */

/* Begin XCConfigurationList section */
		00E357021AD99517003FC87E /* Build configuration list for PBXNativeTarget "GUITAR_PROFICIENCYTests" */ = {
			isa = XCConfigurationList;
			buildConfigurations = (
				00E356F61AD99517003FC87E /* Debug */,
				00E356F71AD99517003FC87E /* Release */,
			);
			defaultConfigurationIsVisible = 0;
			defaultConfigurationName = Release;
		};
		13B07F931A680F5B00A75B9A /* Build configuration list for PBXNativeTarget "GUITAR_PROFICIENCY" */ = {
			isa = XCConfigurationList;
			buildConfigurations = (
				13B07F941A680F5B00A75B9A /* Debug */,
				13B07F951A680F5B00A75B9A /* Release */,
			);
			defaultConfigurationIsVisible = 0;
			defaultConfigurationName = Release;
		};
		2D02E4BA1E0B4A5E006451C7 /* Build configuration list for PBXNativeTarget "GUITAR_PROFICIENCY-tvOS" */ = {
			isa = XCConfigurationList;
			buildConfigurations = (
				2D02E4971E0B4A5E006451C7 /* Debug */,
				2D02E4981E0B4A5E006451C7 /* Release */,
			);
			defaultConfigurationIsVisible = 0;
			defaultConfigurationName = Release;
		};
		2D02E4BB1E0B4A5E006451C7 /* Build configuration list for PBXNativeTarget "GUITAR_PROFICIENCY-tvOSTests" */ = {
			isa = XCConfigurationList;
			buildConfigurations = (
				2D02E4991E0B4A5E006451C7 /* Debug */,
				2D02E49A1E0B4A5E006451C7 /* Release */,
			);
			defaultConfigurationIsVisible = 0;
			defaultConfigurationName = Release;
		};
		83CBB9FA1A601CBA00E9B192 /* Build configuration list for PBXProject "GUITAR_PROFICIENCY" */ = {
			isa = XCConfigurationList;
			buildConfigurations = (
				83CBBA201A601CBA00E9B192 /* Debug */,
				83CBBA211A601CBA00E9B192 /* Release */,
			);
			defaultConfigurationIsVisible = 0;
			defaultConfigurationName = Release;
		};
/* End XCConfigurationList section */
	};
	rootObject = 83CBB9F71A601CBA00E9B192 /* Project object */;
}
